PODS:
  - Alamofire (5.6.1)
  - FSCalendar (2.8.4)
  - SnapKit (5.6.0)
  - Then (3.0.0)

DEPENDENCIES:
  - Alamofire
  - FSCalendar
  - SnapKit (~> 5.6.0)
  - Then

SPEC REPOS:
  trunk:
    - Alamofire
    - FSCalendar
    - SnapKit
    - Then

SPEC CHECKSUMS:
  Alamofire: 87bd8c952f9a4454320fce00d9cc3de57bcadaf5
  FSCalendar: 2d1d0d9398f12d439f55c1fe0f01525b151b8260
  SnapKit: e01d52ebb8ddbc333eefe2132acf85c8227d9c25
  Then: 844265ae87834bbe1147d91d5d41a404da2ec27d

PODFILE CHECKSUM: a7fd5161c7471c0b574ac4c2b5af16b65d622ec5

COCOAPODS: 1.11.3
